
Microsoft Visual Studio Solution File, Format Version 12.00
# Visual Studio 15
VisualStudioVersion = 15.0.27703.2042
MinimumVisualStudioVersion = 10.0.40219.1
Project("{8BC9CEB8-8B4A-11D0-8D11-00A0C91BC942}") = "BaekjoonStepSix", "BaekjoonStepSix\BaekjoonStepSix.vcxproj", "{58242A17-813F-43BC-A37E-121925FA3228}"
EndProject
Global
	GlobalSection(SolutionConfigurationPlatforms) = preSolution
		Debug|x64 = Debug|x64
		Debug|x86 = Debug|x86
		Release|x64 = Release|x64
		Release|x86 = Release|x86
	EndGlobalSection
	GlobalSection(ProjectConfigurationPlatforms) = postSolution
		{58242A17-813F-43BC-A37E-121925FA3228}.Debug|x64.ActiveCfg = Debug|x64
		{58242A17-813F-43BC-A37E-121925FA3228}.Debug|x64.Build.0 = Debug|x64
		{58242A17-813F-43BC-A37E-121925FA3228}.Debug|x86.ActiveCfg = Debug|Win32
		{58242A17-813F-43BC-A37E-121925FA3228}.Debug|x86.Build.0 = Debug|Win32
		{58242A17-813F-43BC-A37E-121925FA3228}.Release|x64.ActiveCfg = Release|x64
		{58242A17-813F-43BC-A37E-121925FA3228}.Release|x64.Build.0 = Release|x64
		{58242A17-813F-43BC-A37E-121925FA3228}.Release|x86.ActiveCfg = Release|Win32
		{58242A17-813F-43BC-A37E-121925FA3228}.Release|x86.Build.0 = Release|Win32
	EndGlobalSection
	GlobalSection(SolutionProperties) = preSolution
		HideSolutionNode = FALSE
	EndGlobalSection
	GlobalSection(ExtensibilityGlobals) = postSolution
		SolutionGuid = {F660A19B-C4A1-4A52-B5BE-88AA400F3C6E}
	EndGlobalSection
EndGlobal
